PODS:
  - EDSunriseSet (1.0)
  - MagicalRecord (2.3.2):
    - MagicalRecord/Core (= 2.3.2)
  - MagicalRecord/Core (2.3.2)
  - Nimble (7.0.1)
  - Quick (1.1.0)

DEPENDENCIES:
  - EDSunriseSet (~> 1.0)
  - MagicalRecord (~> 2.2)
  - Nimble
  - Quick

SPEC CHECKSUMS:
  EDSunriseSet: bdc4760f496c8e6f9b9a727ffa645b6048aa2a09
  MagicalRecord: 53bed74b4323b930992a725be713e53b37d19755
  Nimble: 657d000e11df8aebe27cdaf9d244de7f30ed87f7
  Quick: dafc587e21eed9f4cab3249b9f9015b0b7a7f71d

PODFILE CHECKSUM: 88bafdeab4d6eb655868c4b59940c0e6a5f0e8c3

COCOAPODS: 1.2.1
